Microsoft Visual Studio Solution File, Format Version 10.00
# Visual Studio 2008
Project("{8BC9CEB8-8B4A-11D0-8D11-00A0C91BC942}") = "FitsLiberator", "FitsLiberator.vcproj", "{DEE08B74-0539-42B7-B88D-C212C22A488D}"
	ProjectSection(ProjectDependencies) = postProject
		{8BA2923A-615B-4C73-804E-29A1F0EEF038} = {8BA2923A-615B-4C73-804E-29A1F0EEF038}
		{0218153E-C079-4B28-8CB4-45737E86AB09} = {0218153E-C079-4B28-8CB4-45737E86AB09}
		{956AF386-9BA3-4B22-86C3-1EC38F31B8D1} = {956AF386-9BA3-4B22-86C3-1EC38F31B8D1}
		{5D552AB6-04DD-4646-A88F-4674801EFD7F} = {5D552AB6-04DD-4646-A88F-4674801EFD7F}
	EndProjectSection
EndProject
Project("{8BC9CEB8-8B4A-11D0-8D11-00A0C91BC942}") = "cfitsio", "..\..\..\cfitsio\project\cfitsio.vcproj", "{956AF386-9BA3-4B22-86C3-1EC38F31B8D1}"
EndProject
Project("{8BC9CEB8-8B4A-11D0-8D11-00A0C91BC942}") = "tinyxml", "..\..\..\tinyxml\project\tinyxml.vcproj", "{8BA2923A-615B-4C73-804E-29A1F0EEF038}"
EndProject
Project("{8BC9CEB8-8B4A-11D0-8D11-00A0C91BC942}") = "IncludeFixer", "..\..\..\includefixer\project\windows\IncludeFixer.vcproj", "{66970839-E62F-4995-BF82-E1B756F7DF8C}"
EndProject
Project("{8BC9CEB8-8B4A-11D0-8D11-00A0C91BC942}") = "pds_toolbox", "..\..\..\pds_toolbox\project\pds_toolbox.vcproj", "{5D552AB6-04DD-4646-A88F-4674801EFD7F}"
EndProject
Project("{2150E333-8FDC-42A3-9474-1A3956D46DE8}") = "Installation", "Installation", "{EA51E93D-31DF-45F3-A673-E0EFAFBFA0D9}"
EndProject
Project("{2150E333-8FDC-42A3-9474-1A3956D46DE8}") = "Libraries", "Libraries", "{D732C726-91A9-4D80-B738-90ADB18E6FA2}"
EndProject
Project("{8BC9CEB8-8B4A-11D0-8D11-00A0C91BC942}") = "Setup", "..\..\installer\windows\Setup.vcproj", "{FB470A12-F65C-4523-B08F-5BE4430E9DF6}"
	ProjectSection(ProjectDependencies) = postProject
		{66970839-E62F-4995-BF82-E1B756F7DF8C} = {66970839-E62F-4995-BF82-E1B756F7DF8C}
		{DEE08B74-0539-42B7-B88D-C212C22A488D} = {DEE08B74-0539-42B7-B88D-C212C22A488D}
	EndProjectSection
EndProject
Project("{8BC9CEB8-8B4A-11D0-8D11-00A0C91BC942}") = "libtiff", "..\..\..\libtiff\project\libtiff.vcproj", "{0218153E-C079-4B28-8CB4-45737E86AB09}"
EndProject
Global
	GlobalSection(SolutionConfigurationPlatforms) = preSolution
		Debug|Win32 = Debug|Win32
		Release|Win32 = Release|Win32
		Setup|Win32 = Setup|Win32
	EndGlobalSection
	GlobalSection(ProjectConfigurationPlatforms) = postSolution
		{DEE08B74-0539-42B7-B88D-C212C22A488D}.Debug|Win32.ActiveCfg = Debug|Win32
		{DEE08B74-0539-42B7-B88D-C212C22A488D}.Debug|Win32.Build.0 = Debug|Win32
		{DEE08B74-0539-42B7-B88D-C212C22A488D}.Release|Win32.ActiveCfg = Release|Win32
		{DEE08B74-0539-42B7-B88D-C212C22A488D}.Release|Win32.Build.0 = Release|Win32
		{DEE08B74-0539-42B7-B88D-C212C22A488D}.Setup|Win32.ActiveCfg = Release|Win32
		{DEE08B74-0539-42B7-B88D-C212C22A488D}.Setup|Win32.Build.0 = Release|Win32
		{956AF386-9BA3-4B22-86C3-1EC38F31B8D1}.Debug|Win32.ActiveCfg = Debug|Win32
		{956AF386-9BA3-4B22-86C3-1EC38F31B8D1}.Debug|Win32.Build.0 = Debug|Win32
		{956AF386-9BA3-4B22-86C3-1EC38F31B8D1}.Release|Win32.ActiveCfg = Release|Win32
		{956AF386-9BA3-4B22-86C3-1EC38F31B8D1}.Release|Win32.Build.0 = Release|Win32
		{956AF386-9BA3-4B22-86C3-1EC38F31B8D1}.Setup|Win32.ActiveCfg = Release|Win32
		{956AF386-9BA3-4B22-86C3-1EC38F31B8D1}.Setup|Win32.Build.0 = Release|Win32
		{8BA2923A-615B-4C73-804E-29A1F0EEF038}.Debug|Win32.ActiveCfg = Debug|Win32
		{8BA2923A-615B-4C73-804E-29A1F0EEF038}.Debug|Win32.Build.0 = Debug|Win32
		{8BA2923A-615B-4C73-804E-29A1F0EEF038}.Release|Win32.ActiveCfg = Release|Win32
		{8BA2923A-615B-4C73-804E-29A1F0EEF038}.Release|Win32.Build.0 = Release|Win32
		{8BA2923A-615B-4C73-804E-29A1F0EEF038}.Setup|Win32.ActiveCfg = Release|Win32
		{8BA2923A-615B-4C73-804E-29A1F0EEF038}.Setup|Win32.Build.0 = Release|Win32
		{66970839-E62F-4995-BF82-E1B756F7DF8C}.Debug|Win32.ActiveCfg = Debug|Win32
		{66970839-E62F-4995-BF82-E1B756F7DF8C}.Release|Win32.ActiveCfg = Release|Win32
		{66970839-E62F-4995-BF82-E1B756F7DF8C}.Setup|Win32.ActiveCfg = Release|Win32
		{66970839-E62F-4995-BF82-E1B756F7DF8C}.Setup|Win32.Build.0 = Release|Win32
		{5D552AB6-04DD-4646-A88F-4674801EFD7F}.Debug|Win32.ActiveCfg = Debug|Win32
		{5D552AB6-04DD-4646-A88F-4674801EFD7F}.Debug|Win32.Build.0 = Debug|Win32
		{5D552AB6-04DD-4646-A88F-4674801EFD7F}.Release|Win32.ActiveCfg = Release|Win32
		{5D552AB6-04DD-4646-A88F-4674801EFD7F}.Release|Win32.Build.0 = Release|Win32
		{5D552AB6-04DD-4646-A88F-4674801EFD7F}.Setup|Win32.ActiveCfg = Release|Win32
		{5D552AB6-04DD-4646-A88F-4674801EFD7F}.Setup|Win32.Build.0 = Release|Win32
		{FB470A12-F65C-4523-B08F-5BE4430E9DF6}.Debug|Win32.ActiveCfg = Release|Win32
		{FB470A12-F65C-4523-B08F-5BE4430E9DF6}.Release|Win32.ActiveCfg = Release|Win32
		{FB470A12-F65C-4523-B08F-5BE4430E9DF6}.Setup|Win32.ActiveCfg = Release|Win32
		{FB470A12-F65C-4523-B08F-5BE4430E9DF6}.Setup|Win32.Build.0 = Release|Win32
		{0218153E-C079-4B28-8CB4-45737E86AB09}.Debug|Win32.ActiveCfg = Release|Win32
		{0218153E-C079-4B28-8CB4-45737E86AB09}.Debug|Win32.Build.0 = Release|Win32
		{0218153E-C079-4B28-8CB4-45737E86AB09}.Release|Win32.ActiveCfg = Release|Win32
		{0218153E-C079-4B28-8CB4-45737E86AB09}.Release|Win32.Build.0 = Release|Win32
		{0218153E-C079-4B28-8CB4-45737E86AB09}.Setup|Win32.ActiveCfg = Release|Win32
		{0218153E-C079-4B28-8CB4-45737E86AB09}.Setup|Win32.Build.0 = Release|Win32
	EndGlobalSection
	GlobalSection(SolutionProperties) = preSolution
		HideSolutionNode = FALSE
	EndGlobalSection
	GlobalSection(NestedProjects) = preSolution
		{8BA2923A-615B-4C73-804E-29A1F0EEF038} = {D732C726-91A9-4D80-B738-90ADB18E6FA2}
		{5D552AB6-04DD-4646-A88F-4674801EFD7F} = {D732C726-91A9-4D80-B738-90ADB18E6FA2}
		{956AF386-9BA3-4B22-86C3-1EC38F31B8D1} = {D732C726-91A9-4D80-B738-90ADB18E6FA2}
		{0218153E-C079-4B28-8CB4-45737E86AB09} = {D732C726-91A9-4D80-B738-90ADB18E6FA2}
		{66970839-E62F-4995-BF82-E1B756F7DF8C} = {EA51E93D-31DF-45F3-A673-E0EFAFBFA0D9}
		{FB470A12-F65C-4523-B08F-5BE4430E9DF6} = {EA51E93D-31DF-45F3-A673-E0EFAFBFA0D9}
	EndGlobalSection
EndGlobal
